
Microsoft Visual Studio Solution File, Format Version 12.00
# Visual Studio Version 16
VisualStudioVersion = 16.0.31005.135
MinimumVisualStudioVersion = 10.0.40219.1
Project("{FAE04EC0-301F-11D3-BF4B-00C04F79EFBC}") = "Oficina1.2", "Oficina1.2.csproj", "{A351FC3C-C181-492A-A267-8794F01257FA}"
EndProject
Global
	GlobalSection(SolutionConfigurationPlatforms) = preSolution
		Debug|Any CPU = Debug|Any CPU
		Release|Any CPU = Release|Any CPU
	EndGlobalSection
	GlobalSection(ProjectConfigurationPlatforms) = postSolution
		{A351FC3C-C181-492A-A267-8794F01257FA}.Debug|Any CPU.ActiveCfg = Debug|Any CPU
		{A351FC3C-C181-492A-A267-8794F01257FA}.Debug|Any CPU.Build.0 = Debug|Any CPU
		{A351FC3C-C181-492A-A267-8794F01257FA}.Release|Any CPU.ActiveCfg = Release|Any CPU
		{A351FC3C-C181-492A-A267-8794F01257FA}.Release|Any CPU.Build.0 = Release|Any CPU
	EndGlobalSection
	GlobalSection(SolutionProperties) = preSolution
		HideSolutionNode = FALSE
	EndGlobalSection
	GlobalSection(ExtensibilityGlobals) = postSolution
		SolutionGuid = {03EA5400-D1D5-4BAB-A42D-C4E92D4095BC}
	EndGlobalSection
EndGlobal
